
Microsoft Visual Studio Solution File, Format Version 12.00
# Visual Studio 15
VisualStudioVersion = 15.0.28010.2003
MinimumVisualStudioVersion = 10.0.40219.1
Project("{FAE04EC0-301F-11D3-BF4B-00C04F79EFBC}") = "BlessDiamond.Web", "BlessDiamond.Web\BlessDiamond.Web.csproj", "{286E9F18-1F06-4339-964C-F8BA258F06C4}"
EndProject
Project("{FAE04EC0-301F-11D3-BF4B-00C04F79EFBC}") = "BlessDiamond.Data", "BlessDiamond.Data\BlessDiamond.Data.csproj", "{292B01C2-EA84-4F24-9C5D-F3CDA2269632}"
EndProject
Global
	GlobalSection(SolutionConfigurationPlatforms) = preSolution
		Debug|Any CPU = Debug|Any CPU
		Release|Any CPU = Release|Any CPU
	EndGlobalSection
	GlobalSection(ProjectConfigurationPlatforms) = postSolution
		{286E9F18-1F06-4339-964C-F8BA258F06C4}.Debug|Any CPU.ActiveCfg = Debug|Any CPU
		{286E9F18-1F06-4339-964C-F8BA258F06C4}.Debug|Any CPU.Build.0 = Debug|Any CPU
		{286E9F18-1F06-4339-964C-F8BA258F06C4}.Release|Any CPU.ActiveCfg = Release|Any CPU
		{286E9F18-1F06-4339-964C-F8BA258F06C4}.Release|Any CPU.Build.0 = Release|Any CPU
		{292B01C2-EA84-4F24-9C5D-F3CDA2269632}.Debug|Any CPU.ActiveCfg = Debug|Any CPU
		{292B01C2-EA84-4F24-9C5D-F3CDA2269632}.Debug|Any CPU.Build.0 = Debug|Any CPU
		{292B01C2-EA84-4F24-9C5D-F3CDA2269632}.Release|Any CPU.ActiveCfg = Release|Any CPU
		{292B01C2-EA84-4F24-9C5D-F3CDA2269632}.Release|Any CPU.Build.0 = Release|Any CPU
	EndGlobalSection
	GlobalSection(SolutionProperties) = preSolution
		HideSolutionNode = FALSE
	EndGlobalSection
	GlobalSection(ExtensibilityGlobals) = postSolution
		SolutionGuid = {A436D50F-0C35-42DC-9281-60CEF2701E2F}
	EndGlobalSection
EndGlobal
